// !$*UTF8*$!
{
	archiveVersion = 1;
	classes = {
	};
	objectVersion = 56;
	objects = {

/* Begin PBXBuildFile section */
		211B2B66298727330055AEA7 /* FirebaseAuth in Frameworks */ = {isa = PBXBuildFile; productRef = 211B2B65298727330055AEA7 /* FirebaseAuth */; };
		214F3E50298434D000DF06AE /* AppDelegate.swift in Sources */ = {isa = PBXBuildFile; fileRef = 214F3E4F298434D000DF06AE /* AppDelegate.swift */; };
		214F3E59298434D200DF06AE /* Assets.xcassets in Resources */ = {isa = PBXBuildFile; fileRef = 214F3E58298434D200DF06AE /* Assets.xcassets */; };
		214F3E5C298434D200DF06AE /* LaunchScreen.storyboard in Resources */ = {isa = PBXBuildFile; fileRef = 214F3E5A298434D200DF06AE /* LaunchScreen.storyboard */; };
		214F3E652984350000DF06AE /* LoginViewController.swift in Sources */ = {isa = PBXBuildFile; fileRef = 214F3E632984350000DF06AE /* LoginViewController.swift */; };
		214F3E662984350000DF06AE /* LoginViewController.xib in Resources */ = {isa = PBXBuildFile; fileRef = 214F3E642984350000DF06AE /* LoginViewController.xib */; };
		214F3E722985503100DF06AE /* MoviesResponseDTO.swift in Sources */ = {isa = PBXBuildFile; fileRef = 214F3E712985503100DF06AE /* MoviesResponseDTO.swift */; };
		214F3E7629858C2B00DF06AE /* MoviesRequestDTO.swift in Sources */ = {isa = PBXBuildFile; fileRef = 214F3E7529858C2B00DF06AE /* MoviesRequestDTO.swift */; };
		214F3E7929858E1E00DF06AE /* DataTransferService.swift in Sources */ = {isa = PBXBuildFile; fileRef = 214F3E7829858E1E00DF06AE /* DataTransferService.swift */; };
		214F3E7B29858E3F00DF06AE /* NetworkService.swift in Sources */ = {isa = PBXBuildFile; fileRef = 214F3E7A29858E3F00DF06AE /* NetworkService.swift */; };
		214F3E7D29858E5500DF06AE /* Endpoint.swift in Sources */ = {isa = PBXBuildFile; fileRef = 214F3E7C29858E5500DF06AE /* Endpoint.swift */; };
		214F3E7F29858E6800DF06AE /* NetworkConfig.swift in Sources */ = {isa = PBXBuildFile; fileRef = 214F3E7E29858E6800DF06AE /* NetworkConfig.swift */; };
		214F3E8129858FAF00DF06AE /* CancellableType.swift in Sources */ = {isa = PBXBuildFile; fileRef = 214F3E8029858FAF00DF06AE /* CancellableType.swift */; };
		214F3E8329858FBD00DF06AE /* ConnectionErrorType.swift in Sources */ = {isa = PBXBuildFile; fileRef = 214F3E8229858FBD00DF06AE /* ConnectionErrorType.swift */; };
		214F3E89298593FD00DF06AE /* RepositoryTask.swift in Sources */ = {isa = PBXBuildFile; fileRef = 214F3E88298593FD00DF06AE /* RepositoryTask.swift */; };
		214F3E8B2985942700DF06AE /* APIEndpoints.swift in Sources */ = {isa = PBXBuildFile; fileRef = 214F3E8A2985942700DF06AE /* APIEndpoints.swift */; };
		214F3E922985B83900DF06AE /* Movie.swift in Sources */ = {isa = PBXBuildFile; fileRef = 214F3E912985B83900DF06AE /* Movie.swift */; };
		214F3E942985B90700DF06AE /* MoviesRepository.swift in Sources */ = {isa = PBXBuildFile; fileRef = 214F3E932985B90700DF06AE /* MoviesRepository.swift */; };
		214F3E962985B96200DF06AE /* MoviesRepositoryType.swift in Sources */ = {isa = PBXBuildFile; fileRef = 214F3E952985B96200DF06AE /* MoviesRepositoryType.swift */; };
		214F3E982985B9EA00DF06AE /* SearchMoviesUseCase.swift in Sources */ = {isa = PBXBuildFile; fileRef = 214F3E972985B9EA00DF06AE /* SearchMoviesUseCase.swift */; };
		214F3E9D2985BAF800DF06AE /* AppDIContainer.swift in Sources */ = {isa = PBXBuildFile; fileRef = 214F3E9C2985BAF800DF06AE /* AppDIContainer.swift */; };
		214F3E9F2985BB0E00DF06AE /* MoviesSceneDIContainer.swift in Sources */ = {isa = PBXBuildFile; fileRef = 214F3E9E2985BB0E00DF06AE /* MoviesSceneDIContainer.swift */; };
		214F3EA12985BB1800DF06AE /* AppFlowCoordinator.swift in Sources */ = {isa = PBXBuildFile; fileRef = 214F3EA02985BB1800DF06AE /* AppFlowCoordinator.swift */; };
		214F3EA32985BB2A00DF06AE /* AppConfigurations.swift in Sources */ = {isa = PBXBuildFile; fileRef = 214F3EA22985BB2A00DF06AE /* AppConfigurations.swift */; };
		214F3EA72985C11F00DF06AE /* ImageCache.swift in Sources */ = {isa = PBXBuildFile; fileRef = 214F3EA62985C11F00DF06AE /* ImageCache.swift */; };
		214F3EA92985C21400DF06AE /* ResponseRequestableType.swift in Sources */ = {isa = PBXBuildFile; fileRef = 214F3EA82985C21400DF06AE /* ResponseRequestableType.swift */; };
		214F3EAB2985C23300DF06AE /* DataTransferServiceType.swift in Sources */ = {isa = PBXBuildFile; fileRef = 214F3EAA2985C23300DF06AE /* DataTransferServiceType.swift */; };
		214F3EAD2985C25400DF06AE /* NetworkServiceType.swift in Sources */ = {isa = PBXBuildFile; fileRef = 214F3EAC2985C25400DF06AE /* NetworkServiceType.swift */; };
		214F3EB22985CFC100DF06AE /* MoviesSearchFlowCoordinator.swift in Sources */ = {isa = PBXBuildFile; fileRef = 214F3EB12985CFC100DF06AE /* MoviesSearchFlowCoordinator.swift */; };
		214F3EB82985D9EB00DF06AE /* MovieListViewController.swift in Sources */ = {isa = PBXBuildFile; fileRef = 214F3EB62985D9EB00DF06AE /* MovieListViewController.swift */; };
		214F3EB92985D9EB00DF06AE /* MovieListViewController.xib in Resources */ = {isa = PBXBuildFile; fileRef = 214F3EB72985D9EB00DF06AE /* MovieListViewController.xib */; };
		214F3EBB2985DAF500DF06AE /* MovieListViewModel.swift in Sources */ = {isa = PBXBuildFile; fileRef = 214F3EBA2985DAF500DF06AE /* MovieListViewModel.swift */; };
		214F3EBE2985DD6F00DF06AE /* Observable.swift in Sources */ = {isa = PBXBuildFile; fileRef = 214F3EBD2985DD6F00DF06AE /* Observable.swift */; };
		214F3EC02985F70F00DF06AE /* MovieListCellViewModel.swift in Sources */ = {isa = PBXBuildFile; fileRef = 214F3EBF2985F70F00DF06AE /* MovieListCellViewModel.swift */; };
		214F3EC32985F77800DF06AE /* MovieListTableViewCell.swift in Sources */ = {isa = PBXBuildFile; fileRef = 214F3EC12985F77800DF06AE /* MovieListTableViewCell.swift */; };
		214F3EC42985F77800DF06AE /* MovieListTableViewCell.xib in Resources */ = {isa = PBXBuildFile; fileRef = 214F3EC22985F77800DF06AE /* MovieListTableViewCell.xib */; };
		214F3EC72985F85F00DF06AE /* ImageRepository.swift in Sources */ = {isa = PBXBuildFile; fileRef = 214F3EC62985F85F00DF06AE /* ImageRepository.swift */; };
		214F3EC92985FBEE00DF06AE /* UIImageView+.swift in Sources */ = {isa = PBXBuildFile; fileRef = 214F3EC82985FBEE00DF06AE /* UIImageView+.swift */; };
		214F3ECB2985FC2700DF06AE /* Contents.swift in Sources */ = {isa = PBXBuildFile; fileRef = 214F3ECA2985FC2700DF06AE /* Contents.swift */; };
		214F3ECD2985FE2900DF06AE /* UITableViewCell+.swift in Sources */ = {isa = PBXBuildFile; fileRef = 214F3ECC2985FE2900DF06AE /* UITableViewCell+.swift */; };
		214F3ED12986C27000DF06AE /* String+.swift in Sources */ = {isa = PBXBuildFile; fileRef = 214F3ED02986C27000DF06AE /* String+.swift */; };
		214F3ED92986C28B00DF06AE /* StringExtensionTests.swift in Sources */ = {isa = PBXBuildFile; fileRef = 214F3ED82986C28B00DF06AE /* StringExtensionTests.swift */; };
		214F3EE12986D14B00DF06AE /* FirebaseAuth in Frameworks */ = {isa = PBXBuildFile; productRef = 214F3EE02986D14B00DF06AE /* FirebaseAuth */; };
		214F3EE82986D69F00DF06AE /* RegisterRepositoryType.swift in Sources */ = {isa = PBXBuildFile; fileRef = 214F3EE72986D69F00DF06AE /* RegisterRepositoryType.swift */; };
		214F3EEA2986D6C200DF06AE /* RegisterUseCase.swift in Sources */ = {isa = PBXBuildFile; fileRef = 214F3EE92986D6C200DF06AE /* RegisterUseCase.swift */; };
		214F3EEC2986D6D500DF06AE /* LoginUseCase.swift in Sources */ = {isa = PBXBuildFile; fileRef = 214F3EEB2986D6D500DF06AE /* LoginUseCase.swift */; };
		214F3EEE2986DA3600DF06AE /* FirebaseLoginRepository.swift in Sources */ = {isa = PBXBuildFile; fileRef = 214F3EED2986DA3600DF06AE /* FirebaseLoginRepository.swift */; };
		214F3EF02986DA4200DF06AE /* FirebaseRegisterRepository.swift in Sources */ = {isa = PBXBuildFile; fileRef = 214F3EEF2986DA4200DF06AE /* FirebaseRegisterRepository.swift */; };
		214F3EF32986DD2300DF06AE /* RegisterViewController.swift in Sources */ = {isa = PBXBuildFile; fileRef = 214F3EF12986DD2300DF06AE /* RegisterViewController.swift */; };
		214F3EF42986DD2300DF06AE /* RegisterViewController.xib in Resources */ = {isa = PBXBuildFile; fileRef = 214F3EF22986DD2300DF06AE /* RegisterViewController.xib */; };
		214F3EFD2986DD8500DF06AE /* LoginViewModel.swift in Sources */ = {isa = PBXBuildFile; fileRef = 214F3EFC2986DD8500DF06AE /* LoginViewModel.swift */; };
		214F3EFF2986DD9300DF06AE /* RegisterViewModel.swift in Sources */ = {isa = PBXBuildFile; fileRef = 214F3EFE2986DD9300DF06AE /* RegisterViewModel.swift */; };
		214F3F012986DF7B00DF06AE /* LoginRepositoryType.swift in Sources */ = {isa = PBXBuildFile; fileRef = 214F3F002986DF7B00DF06AE /* LoginRepositoryType.swift */; };
		214F3F032986E7F200DF06AE /* AccountSceneFlowCoordinator.swift in Sources */ = {isa = PBXBuildFile; fileRef = 214F3F022986E7F200DF06AE /* AccountSceneFlowCoordinator.swift */; };
		214F3F052986F02E00DF06AE /* AccountSceneDIContainer.swift in Sources */ = {isa = PBXBuildFile; fileRef = 214F3F042986F02E00DF06AE /* AccountSceneDIContainer.swift */; };
		214F3F072986FA2600DF06AE /* GoogleService-Info.plist in Resources */ = {isa = PBXBuildFile; fileRef = 214F3F062986FA2600DF06AE /* GoogleService-Info.plist */; };
		214F3F09298704C100DF06AE /* Alertable.swift in Sources */ = {isa = PBXBuildFile; fileRef = 214F3F08298704C100DF06AE /* Alertable.swift */; };
		214F3F0B29870FFA00DF06AE /* KeychainHelper.swift in Sources */ = {isa = PBXBuildFile; fileRef = 214F3F0A29870FFA00DF06AE /* KeychainHelper.swift */; };
		214F3F0F298717BB00DF06AE /* UserDefaultsHelper.swift in Sources */ = {isa = PBXBuildFile; fileRef = 214F3F0E298717BB00DF06AE /* UserDefaultsHelper.swift */; };
		214F3F172987250A00DF06AE /* NetworkConfigurableMock.swift in Sources */ = {isa = PBXBuildFile; fileRef = 214F3F162987250A00DF06AE /* NetworkConfigurableMock.swift */; };
		214F3F192987253200DF06AE /* NetworkSessionManagerMock.swift in Sources */ = {isa = PBXBuildFile; fileRef = 214F3F182987253200DF06AE /* NetworkSessionManagerMock.swift */; };
		214F3F1B2987258900DF06AE /* DataTransferServiceTests.swift in Sources */ = {isa = PBXBuildFile; fileRef = 214F3F1A2987258900DF06AE /* DataTransferServiceTests.swift */; };
		2153D74E2988872D00485FCA /* Spinner.swift in Sources */ = {isa = PBXBuildFile; fileRef = 2153D74D2988872D00485FCA /* Spinner.swift */; };
		2153D7502988886300485FCA /* LoadingStatus.swift in Sources */ = {isa = PBXBuildFile; fileRef = 2153D74F2988886300485FCA /* LoadingStatus.swift */; };
		2179192F2988609200D96313 /* BiometricHelper.swift in Sources */ = {isa = PBXBuildFile; fileRef = 2179192E2988609100D96313 /* BiometricHelper.swift */; };
		218A2BEA298728F300663333 /* NetworkServiceTests.swift in Sources */ = {isa = PBXBuildFile; fileRef = 218A2BE9298728F300663333 /* NetworkServiceTests.swift */; };
		218A2BED29872BDD00663333 /* Localizable.strings in Resources */ = {isa = PBXBuildFile; fileRef = 218A2BEC29872BDD00663333 /* Localizable.strings */; };
		218A2BEF29872BEF00663333 /* LocalizedStringType.swift in Sources */ = {isa = PBXBuildFile; fileRef = 218A2BEE29872BEF00663333 /* LocalizedStringType.swift */; };
		218A2BF129872C0600663333 /* CommonString.swift in Sources */ = {isa = PBXBuildFile; fileRef = 218A2BF029872C0600663333 /* CommonString.swift */; };
/* End PBXBuildFile section */

/* Begin PBXContainerItemProxy section */
		214F3EDA2986C28B00DF06AE /* PBXContainerItemProxy */ = {
			isa = PBXContainerItemProxy;
			containerPortal = 214F3E44298434D000DF06AE /* Project object */;
			proxyType = 1;
			remoteGlobalIDString = 214F3E4B298434D000DF06AE;
			remoteInfo = MovieList;
		};
/* End PBXContainerItemProxy section */

/* Begin PBXFileReference section */
		214F3E4C298434D000DF06AE /* MovieList.app */ = {isa = PBXFileReference; explicitFileType = wrapper.application; includeInIndex = 0; path = MovieList.app; sourceTree = BUILT_PRODUCTS_DIR; };
		214F3E4F298434D000DF06AE /* AppDelegate.swift */ = {isa = PBXFileReference; lastKnownFileType = sourcecode.swift; path = AppDelegate.swift; sourceTree = "<group>"; };
		214F3E58298434D200DF06AE /* Assets.xcassets */ = {isa = PBXFileReference; lastKnownFileType = folder.assetcatalog; path = Assets.xcassets; sourceTree = "<group>"; };
		214F3E5B298434D200DF06AE /* Base */ = {isa = PBXFileReference; lastKnownFileType = file.storyboard; name = Base; path = Base.lproj/LaunchScreen.storyboard; sourceTree = "<group>"; };
		214F3E5D298434D200DF06AE /* Info.plist */ = {isa = PBXFileReference; lastKnownFileType = text.plist.xml; path = Info.plist; sourceTree = "<group>"; };
		214F3E632984350000DF06AE /* LoginViewController.swift */ = {isa = PBXFileReference; lastKnownFileType = sourcecode.swift; path = LoginViewController.swift; sourceTree = "<group>"; };
		214F3E642984350000DF06AE /* LoginViewController.xib */ = {isa = PBXFileReference; lastKnownFileType = file.xib; path = LoginViewController.xib; sourceTree = "<group>"; };
		214F3E712985503100DF06AE /* MoviesResponseDTO.swift */ = {isa = PBXFileReference; lastKnownFileType = sourcecode.swift; path = MoviesResponseDTO.swift; sourceTree = "<group>"; };
		214F3E7529858C2B00DF06AE /* MoviesRequestDTO.swift */ = {isa = PBXFileReference; lastKnownFileType = sourcecode.swift; path = MoviesRequestDTO.swift; sourceTree = "<group>"; };
		214F3E7829858E1E00DF06AE /* DataTransferService.swift */ = {isa = PBXFileReference; lastKnownFileType = sourcecode.swift; path = DataTransferService.swift; sourceTree = "<group>"; };
		214F3E7A29858E3F00DF06AE /* NetworkService.swift */ = {isa = PBXFileReference; lastKnownFileType = sourcecode.swift; path = NetworkService.swift; sourceTree = "<group>"; };
		214F3E7C29858E5500DF06AE /* Endpoint.swift */ = {isa = PBXFileReference; lastKnownFileType = sourcecode.swift; path = Endpoint.swift; sourceTree = "<group>"; };
		214F3E7E29858E6800DF06AE /* NetworkConfig.swift */ = {isa = PBXFileReference; lastKnownFileType = sourcecode.swift; path = NetworkConfig.swift; sourceTree = "<group>"; };
		214F3E8029858FAF00DF06AE /* CancellableType.swift */ = {isa = PBXFileReference; lastKnownFileType = sourcecode.swift; path = CancellableType.swift; sourceTree = "<group>"; };
		214F3E8229858FBD00DF06AE /* ConnectionErrorType.swift */ = {isa = PBXFileReference; lastKnownFileType = sourcecode.swift; path = ConnectionErrorType.swift; sourceTree = "<group>"; };
		214F3E88298593FD00DF06AE /* RepositoryTask.swift */ = {isa = PBXFileReference; lastKnownFileType = sourcecode.swift; path = RepositoryTask.swift; sourceTree = "<group>"; };
		214F3E8A2985942700DF06AE /* APIEndpoints.swift */ = {isa = PBXFileReference; lastKnownFileType = sourcecode.swift; path = APIEndpoints.swift; sourceTree = "<group>"; };
		214F3E912985B83900DF06AE /* Movie.swift */ = {isa = PBXFileReference; lastKnownFileType = sourcecode.swift; path = Movie.swift; sourceTree = "<group>"; };
		214F3E932985B90700DF06AE /* MoviesRepository.swift */ = {isa = PBXFileReference; lastKnownFileType = sourcecode.swift; path = MoviesRepository.swift; sourceTree = "<group>"; };
		214F3E952985B96200DF06AE /* MoviesRepositoryType.swift */ = {isa = PBXFileReference; lastKnownFileType = sourcecode.swift; path = MoviesRepositoryType.swift; sourceTree = "<group>"; };
		214F3E972985B9EA00DF06AE /* SearchMoviesUseCase.swift */ = {isa = PBXFileReference; lastKnownFileType = sourcecode.swift; path = SearchMoviesUseCase.swift; sourceTree = "<group>"; };
		214F3E9C2985BAF800DF06AE /* AppDIContainer.swift */ = {isa = PBXFileReference; lastKnownFileType = sourcecode.swift; path = AppDIContainer.swift; sourceTree = "<group>"; };
		214F3E9E2985BB0E00DF06AE /* MoviesSceneDIContainer.swift */ = {isa = PBXFileReference; lastKnownFileType = sourcecode.swift; path = MoviesSceneDIContainer.swift; sourceTree = "<group>"; };
		214F3EA02985BB1800DF06AE /* AppFlowCoordinator.swift */ = {isa = PBXFileReference; lastKnownFileType = sourcecode.swift; path = AppFlowCoordinator.swift; sourceTree = "<group>"; };
		214F3EA22985BB2A00DF06AE /* AppConfigurations.swift */ = {isa = PBXFileReference; lastKnownFileType = sourcecode.swift; path = AppConfigurations.swift; sourceTree = "<group>"; };
		214F3EA62985C11F00DF06AE /* ImageCache.swift */ = {isa = PBXFileReference; lastKnownFileType = sourcecode.swift; path = ImageCache.swift; sourceTree = "<group>"; };
		214F3EA82985C21400DF06AE /* ResponseRequestableType.swift */ = {isa = PBXFileReference; lastKnownFileType = sourcecode.swift; path = ResponseRequestableType.swift; sourceTree = "<group>"; };
		214F3EAA2985C23300DF06AE /* DataTransferServiceType.swift */ = {isa = PBXFileReference; lastKnownFileType = sourcecode.swift; path = DataTransferServiceType.swift; sourceTree = "<group>"; };
		214F3EAC2985C25400DF06AE /* NetworkServiceType.swift */ = {isa = PBXFileReference; lastKnownFileType = sourcecode.swift; path = NetworkServiceType.swift; sourceTree = "<group>"; };
		214F3EB12985CFC100DF06AE /* MoviesSearchFlowCoordinator.swift */ = {isa = PBXFileReference; lastKnownFileType = sourcecode.swift; path = MoviesSearchFlowCoordinator.swift; sourceTree = "<group>"; };
		214F3EB62985D9EB00DF06AE /* MovieListViewController.swift */ = {isa = PBXFileReference; lastKnownFileType = sourcecode.swift; path = MovieListViewController.swift; sourceTree = "<group>"; };
		214F3EB72985D9EB00DF06AE /* MovieListViewController.xib */ = {isa = PBXFileReference; lastKnownFileType = file.xib; path = MovieListViewController.xib; sourceTree = "<group>"; };
		214F3EBA2985DAF500DF06AE /* MovieListViewModel.swift */ = {isa = PBXFileReference; lastKnownFileType = sourcecode.swift; path = MovieListViewModel.swift; sourceTree = "<group>"; };
		214F3EBD2985DD6F00DF06AE /* Observable.swift */ = {isa = PBXFileReference; lastKnownFileType = sourcecode.swift; path = Observable.swift; sourceTree = "<group>"; };
		214F3EBF2985F70F00DF06AE /* MovieListCellViewModel.swift */ = {isa = PBXFileReference; lastKnownFileType = sourcecode.swift; path = MovieListCellViewModel.swift; sourceTree = "<group>"; };
		214F3EC12985F77800DF06AE /* MovieListTableViewCell.swift */ = {isa = PBXFileReference; lastKnownFileType = sourcecode.swift; path = MovieListTableViewCell.swift; sourceTree = "<group>"; };
		214F3EC22985F77800DF06AE /* MovieListTableViewCell.xib */ = {isa = PBXFileReference; lastKnownFileType = file.xib; path = MovieListTableViewCell.xib; sourceTree = "<group>"; };
		214F3EC62985F85F00DF06AE /* ImageRepository.swift */ = {isa = PBXFileReference; lastKnownFileType = sourcecode.swift; path = ImageRepository.swift; sourceTree = "<group>"; };
		214F3EC82985FBEE00DF06AE /* UIImageView+.swift */ = {isa = PBXFileReference; lastKnownFileType = sourcecode.swift; path = "UIImageView+.swift"; sourceTree = "<group>"; };
		214F3ECA2985FC2700DF06AE /* Contents.swift */ = {isa = PBXFileReference; lastKnownFileType = sourcecode.swift; path = Contents.swift; sourceTree = "<group>"; };
		214F3ECC2985FE2900DF06AE /* UITableViewCell+.swift */ = {isa = PBXFileReference; lastKnownFileType = sourcecode.swift; path = "UITableViewCell+.swift"; sourceTree = "<group>"; };
		214F3ED02986C27000DF06AE /* String+.swift */ = {isa = PBXFileReference; lastKnownFileType = sourcecode.swift; path = "String+.swift"; sourceTree = "<group>"; };
		214F3ED62986C28B00DF06AE /* MovieListTests.xctest */ = {isa = PBXFileReference; explicitFileType = wrapper.cfbundle; includeInIndex = 0; path = MovieListTests.xctest; sourceTree = BUILT_PRODUCTS_DIR; };
		214F3ED82986C28B00DF06AE /* StringExtensionTests.swift */ = {isa = PBXFileReference; lastKnownFileType = sourcecode.swift; path = StringExtensionTests.swift; sourceTree = "<group>"; };
		214F3EE72986D69F00DF06AE /* RegisterRepositoryType.swift */ = {isa = PBXFileReference; lastKnownFileType = sourcecode.swift; path = RegisterRepositoryType.swift; sourceTree = "<group>"; };
		214F3EE92986D6C200DF06AE /* RegisterUseCase.swift */ = {isa = PBXFileReference; lastKnownFileType = sourcecode.swift; path = RegisterUseCase.swift; sourceTree = "<group>"; };
		214F3EEB2986D6D500DF06AE /* LoginUseCase.swift */ = {isa = PBXFileReference; lastKnownFileType = sourcecode.swift; path = LoginUseCase.swift; sourceTree = "<group>"; };
		214F3EED2986DA3600DF06AE /* FirebaseLoginRepository.swift */ = {isa = PBXFileReference; lastKnownFileType = sourcecode.swift; path = FirebaseLoginRepository.swift; sourceTree = "<group>"; };
		214F3EEF2986DA4200DF06AE /* FirebaseRegisterRepository.swift */ = {isa = PBXFileReference; lastKnownFileType = sourcecode.swift; path = FirebaseRegisterRepository.swift; sourceTree = "<group>"; };
		214F3EF12986DD2300DF06AE /* RegisterViewController.swift */ = {isa = PBXFileReference; lastKnownFileType = sourcecode.swift; path = RegisterViewController.swift; sourceTree = "<group>"; };
		214F3EF22986DD2300DF06AE /* RegisterViewController.xib */ = {isa = PBXFileReference; lastKnownFileType = file.xib; path = RegisterViewController.xib; sourceTree = "<group>"; };
		214F3EFC2986DD8500DF06AE /* LoginViewModel.swift */ = {isa = PBXFileReference; lastKnownFileType = sourcecode.swift; path = LoginViewModel.swift; sourceTree = "<group>"; };
		214F3EFE2986DD9300DF06AE /* RegisterViewModel.swift */ = {isa = PBXFileReference; lastKnownFileType = sourcecode.swift; path = RegisterViewModel.swift; sourceTree = "<group>"; };
		214F3F002986DF7B00DF06AE /* LoginRepositoryType.swift */ = {isa = PBXFileReference; lastKnownFileType = sourcecode.swift; path = LoginRepositoryType.swift; sourceTree = "<group>"; };
		214F3F022986E7F200DF06AE /* AccountSceneFlowCoordinator.swift */ = {isa = PBXFileReference; lastKnownFileType = sourcecode.swift; path = AccountSceneFlowCoordinator.swift; sourceTree = "<group>"; };
		214F3F042986F02E00DF06AE /* AccountSceneDIContainer.swift */ = {isa = PBXFileReference; lastKnownFileType = sourcecode.swift; path = AccountSceneDIContainer.swift; sourceTree = "<group>"; };
		214F3F062986FA2600DF06AE /* GoogleService-Info.plist */ = {isa = PBXFileReference; fileEncoding = 4; lastKnownFileType = text.plist.xml; path = "GoogleService-Info.plist"; sourceTree = "<group>"; };
		214F3F08298704C100DF06AE /* Alertable.swift */ = {isa = PBXFileReference; lastKnownFileType = sourcecode.swift; path = Alertable.swift; sourceTree = "<group>"; };
		214F3F0A29870FFA00DF06AE /* KeychainHelper.swift */ = {isa = PBXFileReference; lastKnownFileType = sourcecode.swift; path = KeychainHelper.swift; sourceTree = "<group>"; };
		214F3F0E298717BB00DF06AE /* UserDefaultsHelper.swift */ = {isa = PBXFileReference; lastKnownFileType = sourcecode.swift; path = UserDefaultsHelper.swift; sourceTree = "<group>"; };
		214F3F162987250A00DF06AE /* NetworkConfigurableMock.swift */ = {isa = PBXFileReference; lastKnownFileType = sourcecode.swift; path = NetworkConfigurableMock.swift; sourceTree = "<group>"; };
		214F3F182987253200DF06AE /* NetworkSessionManagerMock.swift */ = {isa = PBXFileReference; lastKnownFileType = sourcecode.swift; path = NetworkSessionManagerMock.swift; sourceTree = "<group>"; };
		214F3F1A2987258900DF06AE /* DataTransferServiceTests.swift */ = {isa = PBXFileReference; lastKnownFileType = sourcecode.swift; path = DataTransferServiceTests.swift; sourceTree = "<group>"; };
		2153D74D2988872D00485FCA /* Spinner.swift */ = {isa = PBXFileReference; lastKnownFileType = sourcecode.swift; path = Spinner.swift; sourceTree = "<group>"; };
		2153D74F2988886300485FCA /* LoadingStatus.swift */ = {isa = PBXFileReference; lastKnownFileType = sourcecode.swift; path = LoadingStatus.swift; sourceTree = "<group>"; };
		2179192E2988609100D96313 /* BiometricHelper.swift */ = {isa = PBXFileReference; lastKnownFileType = sourcecode.swift; path = BiometricHelper.swift; sourceTree = "<group>"; };
		218A2BE9298728F300663333 /* NetworkServiceTests.swift */ = {isa = PBXFileReference; lastKnownFileType = sourcecode.swift; path = NetworkServiceTests.swift; sourceTree = "<group>"; };
		218A2BEC29872BDD00663333 /* Localizable.strings */ = {isa = PBXFileReference; lastKnownFileType = text.plist.strings; path = Localizable.strings; sourceTree = "<group>"; };
		218A2BEE29872BEF00663333 /* LocalizedStringType.swift */ = {isa = PBXFileReference; lastKnownFileType = sourcecode.swift; path = LocalizedStringType.swift; sourceTree = "<group>"; };
		218A2BF029872C0600663333 /* CommonString.swift */ = {isa = PBXFileReference; lastKnownFileType = sourcecode.swift; path = CommonString.swift; sourceTree = "<group>"; };
/* End PBXFileReference section */

/* Begin PBXFrameworksBuildPhase section */
		214F3E49298434D000DF06AE /* Frameworks */ = {
			isa = PBXFrameworksBuildPhase;
			buildActionMask = 2147483647;
			files = (
				214F3EE12986D14B00DF06AE /* FirebaseAuth in Frameworks */,
			);
			runOnlyForDeploymentPostprocessing = 0;
		};
		214F3ED32986C28B00DF06AE /* Frameworks */ = {
			isa = PBXFrameworksBuildPhase;
			buildActionMask = 2147483647;
			files = (
				211B2B66298727330055AEA7 /* FirebaseAuth in Frameworks */,
			);
			runOnlyForDeploymentPostprocessing = 0;
		};
/* End PBXFrameworksBuildPhase section */

/* Begin PBXGroup section */
		211B2B64298727330055AEA7 /* Frameworks */ = {
			isa = PBXGroup;
			children = (
			);
			name = Frameworks;
			sourceTree = "<group>";
		};
		214F3E43298434D000DF06AE = {
			isa = PBXGroup;
			children = (
				214F3E4E298434D000DF06AE /* MovieList */,
				214F3ED72986C28B00DF06AE /* MovieListTests */,
				214F3E4D298434D000DF06AE /* Products */,
				211B2B64298727330055AEA7 /* Frameworks */,
			);
			sourceTree = "<group>";
		};
		214F3E4D298434D000DF06AE /* Products */ = {
			isa = PBXGroup;
			children = (
				214F3E4C298434D000DF06AE /* MovieList.app */,
				214F3ED62986C28B00DF06AE /* MovieListTests.xctest */,
			);
			name = Products;
			sourceTree = "<group>";
		};
		214F3E4E298434D000DF06AE /* MovieList */ = {
			isa = PBXGroup;
			children = (
				214F3E5D298434D200DF06AE /* Info.plist */,
				214F3E67298437DF00DF06AE /* Application */,
				214F3E6D298438D300DF06AE /* Common */,
				214F3E6C298438C900DF06AE /* Infrastructure */,
				214F3E6B298438C300DF06AE /* Data */,
				214F3E6A298438B700DF06AE /* Domain */,
				214F3E692984389600DF06AE /* Presentation */,
				214F3E682984387400DF06AE /* Resources */,
			);
			path = MovieList;
			sourceTree = "<group>";
		};
		214F3E67298437DF00DF06AE /* Application */ = {
			isa = PBXGroup;
			children = (
				214F3E992985BAC800DF06AE /* DIContainer */,
				214F3E4F298434D000DF06AE /* AppDelegate.swift */,
				214F3EA02985BB1800DF06AE /* AppFlowCoordinator.swift */,
				214F3EA22985BB2A00DF06AE /* AppConfigurations.swift */,
			);
			path = Application;
			sourceTree = "<group>";
		};
		214F3E682984387400DF06AE /* Resources */ = {
			isa = PBXGroup;
			children = (
				214F3F062986FA2600DF06AE /* GoogleService-Info.plist */,
				214F3E5A298434D200DF06AE /* LaunchScreen.storyboard */,
				214F3E58298434D200DF06AE /* Assets.xcassets */,
			);
			path = Resources;
			sourceTree = "<group>";
		};
		214F3E692984389600DF06AE /* Presentation */ = {
			isa = PBXGroup;
			children = (
				214F3EBC2985DD6600DF06AE /* Utils */,
				214F3EAF2985CF8600DF06AE /* AccountScene */,
				214F3EAE2985CF8300DF06AE /* MoviesScene */,
			);
			path = Presentation;
			sourceTree = "<group>";
		};
		214F3E6A298438B700DF06AE /* Domain */ = {
			isa = PBXGroup;
			children = (
				214F3E7029854FCF00DF06AE /* Interfaces */,
				214F3E6F29854FC700DF06AE /* UseCases */,
				214F3E6E29854FBA00DF06AE /* Entities */,
			);
			path = Domain;
			sourceTree = "<group>";
		};
		214F3E6B298438C300DF06AE /* Data */ = {
			isa = PBXGroup;
			children = (
				214F3F0D2987179D00DF06AE /* UserDefault */,
				214F3F0C2987100B00DF06AE /* Keychain */,
				214F3EA52985C11200DF06AE /* Cache */,
				214F3E84298593DB00DF06AE /* Repositories */,
				214F3E7329858BE600DF06AE /* Network */,
			);
			path = Data;
			sourceTree = "<group>";
		};
		214F3E6C298438C900DF06AE /* Infrastructure */ = {
			isa = PBXGroup;
			children = (
				214F3EA42985BC2C00DF06AE /* Interface */,
				214F3E7729858DE200DF06AE /* Network */,
			);
			path = Infrastructure;
			sourceTree = "<group>";
		};
		214F3E6D298438D300DF06AE /* Common */ = {
			isa = PBXGroup;
			children = (
				218A2BEB29872BD300663333 /* Localized */,
				214F3E8C2985956400DF06AE /* Extension */,
				214F3ECA2985FC2700DF06AE /* Contents.swift */,
				2153D74D2988872D00485FCA /* Spinner.swift */,
				2153D74F2988886300485FCA /* LoadingStatus.swift */,
				214F3E8029858FAF00DF06AE /* CancellableType.swift */,
				2179192E2988609100D96313 /* BiometricHelper.swift */,
				214F3E8229858FBD00DF06AE /* ConnectionErrorType.swift */,
				214F3F08298704C100DF06AE /* Alertable.swift */,
			);
			path = Common;
			sourceTree = "<group>";
		};
		214F3E6E29854FBA00DF06AE /* Entities */ = {
			isa = PBXGroup;
			children = (
				214F3E912985B83900DF06AE /* Movie.swift */,
			);
			path = Entities;
			sourceTree = "<group>";
		};
		214F3E6F29854FC700DF06AE /* UseCases */ = {
			isa = PBXGroup;
			children = (
				214F3E972985B9EA00DF06AE /* SearchMoviesUseCase.swift */,
				214F3EE92986D6C200DF06AE /* RegisterUseCase.swift */,
				214F3EEB2986D6D500DF06AE /* LoginUseCase.swift */,
			);
			path = UseCases;
			sourceTree = "<group>";
		};
		214F3E7029854FCF00DF06AE /* Interfaces */ = {
			isa = PBXGroup;
			children = (
				214F3E952985B96200DF06AE /* MoviesRepositoryType.swift */,
				214F3EE72986D69F00DF06AE /* RegisterRepositoryType.swift */,
				214F3F002986DF7B00DF06AE /* LoginRepositoryType.swift */,
			);
			path = Interfaces;
			sourceTree = "<group>";
		};
		214F3E7329858BE600DF06AE /* Network */ = {
			isa = PBXGroup;
			children = (
				214F3E7429858BEF00DF06AE /* DataMapping */,
				214F3E8A2985942700DF06AE /* APIEndpoints.swift */,
			);
			path = Network;
			sourceTree = "<group>";
		};
		214F3E7429858BEF00DF06AE /* DataMapping */ = {
			isa = PBXGroup;
			children = (
				214F3E712985503100DF06AE /* MoviesResponseDTO.swift */,
				214F3E7529858C2B00DF06AE /* MoviesRequestDTO.swift */,
			);
			path = DataMapping;
			sourceTree = "<group>";
		};
		214F3E7729858DE200DF06AE /* Network */ = {
			isa = PBXGroup;
			children = (
				214F3E7829858E1E00DF06AE /* DataTransferService.swift */,
				214F3E7A29858E3F00DF06AE /* NetworkService.swift */,
				214F3E7C29858E5500DF06AE /* Endpoint.swift */,
				214F3E7E29858E6800DF06AE /* NetworkConfig.swift */,
			);
			path = Network;
			sourceTree = "<group>";
		};
		214F3E84298593DB00DF06AE /* Repositories */ = {
			isa = PBXGroup;
			children = (
				214F3E86298593ED00DF06AE /* Utils */,
				214F3E932985B90700DF06AE /* MoviesRepository.swift */,
				214F3EC62985F85F00DF06AE /* ImageRepository.swift */,
				214F3EED2986DA3600DF06AE /* FirebaseLoginRepository.swift */,
				214F3EEF2986DA4200DF06AE /* FirebaseRegisterRepository.swift */,
			);
			path = Repositories;
			sourceTree = "<group>";
		};
		214F3E86298593ED00DF06AE /* Utils */ = {
			isa = PBXGroup;
			children = (
				214F3E88298593FD00DF06AE /* RepositoryTask.swift */,
			);
			path = Utils;
			sourceTree = "<group>";
		};
		214F3E8C2985956400DF06AE /* Extension */ = {
			isa = PBXGroup;
			children = (
				214F3EC82985FBEE00DF06AE /* UIImageView+.swift */,
				214F3ECC2985FE2900DF06AE /* UITableViewCell+.swift */,
				214F3ED02986C27000DF06AE /* String+.swift */,
			);
			path = Extension;
			sourceTree = "<group>";
		};
		214F3E992985BAC800DF06AE /* DIContainer */ = {
			isa = PBXGroup;
			children = (
				214F3E9C2985BAF800DF06AE /* AppDIContainer.swift */,
				214F3E9E2985BB0E00DF06AE /* MoviesSceneDIContainer.swift */,
				214F3F042986F02E00DF06AE /* AccountSceneDIContainer.swift */,
			);
			path = DIContainer;
			sourceTree = "<group>";
		};
		214F3EA42985BC2C00DF06AE /* Interface */ = {
			isa = PBXGroup;
			children = (
				214F3EA82985C21400DF06AE /* ResponseRequestableType.swift */,
				214F3EAA2985C23300DF06AE /* DataTransferServiceType.swift */,
				214F3EAC2985C25400DF06AE /* NetworkServiceType.swift */,
			);
			path = Interface;
			sourceTree = "<group>";
		};
		214F3EA52985C11200DF06AE /* Cache */ = {
			isa = PBXGroup;
			children = (
				214F3EA62985C11F00DF06AE /* ImageCache.swift */,
			);
			path = Cache;
			sourceTree = "<group>";
		};
		214F3EAE2985CF8300DF06AE /* MoviesScene */ = {
			isa = PBXGroup;
			children = (
				214F3EB02985CFA700DF06AE /* Flows */,
				214F3EB32985CFE800DF06AE /* MoviesList */,
			);
			path = MoviesScene;
			sourceTree = "<group>";
		};
		214F3EAF2985CF8600DF06AE /* AccountScene */ = {
			isa = PBXGroup;
			children = (
				214F3EF52986DD4100DF06AE /* Flows */,
				214F3EF72986DD5300DF06AE /* Login */,
				214F3EF62986DD4600DF06AE /* Register */,
			);
			path = AccountScene;
			sourceTree = "<group>";
		};
		214F3EB02985CFA700DF06AE /* Flows */ = {
			isa = PBXGroup;
			children = (
				214F3EB12985CFC100DF06AE /* MoviesSearchFlowCoordinator.swift */,
			);
			path = Flows;
			sourceTree = "<group>";
		};
		214F3EB32985CFE800DF06AE /* MoviesList */ = {
			isa = PBXGroup;
			children = (
				214F3EB52985CFEF00DF06AE /* ViewModel */,
				214F3EB42985CFEB00DF06AE /* View */,
			);
			path = MoviesList;
			sourceTree = "<group>";
		};
		214F3EB42985CFEB00DF06AE /* View */ = {
			isa = PBXGroup;
			children = (
				214F3EC52985F78E00DF06AE /* Cells */,
				214F3EB62985D9EB00DF06AE /* MovieListViewController.swift */,
				214F3EB72985D9EB00DF06AE /* MovieListViewController.xib */,
			);
			path = View;
			sourceTree = "<group>";
		};
		214F3EB52985CFEF00DF06AE /* ViewModel */ = {
			isa = PBXGroup;
			children = (
				214F3EBA2985DAF500DF06AE /* MovieListViewModel.swift */,
				214F3EBF2985F70F00DF06AE /* MovieListCellViewModel.swift */,
			);
			path = ViewModel;
			sourceTree = "<group>";
		};
		214F3EBC2985DD6600DF06AE /* Utils */ = {
			isa = PBXGroup;
			children = (
				214F3EBD2985DD6F00DF06AE /* Observable.swift */,
			);
			path = Utils;
			sourceTree = "<group>";
		};
		214F3EC52985F78E00DF06AE /* Cells */ = {
			isa = PBXGroup;
			children = (
				214F3EC12985F77800DF06AE /* MovieListTableViewCell.swift */,
				214F3EC22985F77800DF06AE /* MovieListTableViewCell.xib */,
			);
			path = Cells;
			sourceTree = "<group>";
		};
		214F3ED72986C28B00DF06AE /* MovieListTests */ = {
			isa = PBXGroup;
			children = (
				218A2BE82987288600663333 /* Common */,
				214F3F12298724B900DF06AE /* Presentation */,
				214F3F102987249100DF06AE /* Domain */,
				214F3F13298724E900DF06AE /* Infrastructure */,
			);
			path = MovieListTests;
			sourceTree = "<group>";
		};
		214F3EF52986DD4100DF06AE /* Flows */ = {
			isa = PBXGroup;
			children = (
				214F3F022986E7F200DF06AE /* AccountSceneFlowCoordinator.swift */,
			);
			path = Flows;
			sourceTree = "<group>";
		};
		214F3EF62986DD4600DF06AE /* Register */ = {
			isa = PBXGroup;
			children = (
				214F3EFB2986DD7400DF06AE /* ViewModel */,
				214F3EFA2986DD7000DF06AE /* View */,
			);
			path = Register;
			sourceTree = "<group>";
		};
		214F3EF72986DD5300DF06AE /* Login */ = {
			isa = PBXGroup;
			children = (
				214F3EF92986DD6900DF06AE /* ViewModel */,
				214F3EF82986DD6500DF06AE /* View */,
			);
			path = Login;
			sourceTree = "<group>";
		};
		214F3EF82986DD6500DF06AE /* View */ = {
			isa = PBXGroup;
			children = (
				214F3E632984350000DF06AE /* LoginViewController.swift */,
				214F3E642984350000DF06AE /* LoginViewController.xib */,
			);
			path = View;
			sourceTree = "<group>";
		};
		214F3EF92986DD6900DF06AE /* ViewModel */ = {
			isa = PBXGroup;
			children = (
				214F3EFC2986DD8500DF06AE /* LoginViewModel.swift */,
			);
			path = ViewModel;
			sourceTree = "<group>";
		};
		214F3EFA2986DD7000DF06AE /* View */ = {
			isa = PBXGroup;
			children = (
				214F3EF12986DD2300DF06AE /* RegisterViewController.swift */,
				214F3EF22986DD2300DF06AE /* RegisterViewController.xib */,
			);
			path = View;
			sourceTree = "<group>";
		};
		214F3EFB2986DD7400DF06AE /* ViewModel */ = {
			isa = PBXGroup;
			children = (
				214F3EFE2986DD9300DF06AE /* RegisterViewModel.swift */,
			);
			path = ViewModel;
			sourceTree = "<group>";
		};
		214F3F0C2987100B00DF06AE /* Keychain */ = {
			isa = PBXGroup;
			children = (
				214F3F0A29870FFA00DF06AE /* KeychainHelper.swift */,
			);
			path = Keychain;
			sourceTree = "<group>";
		};
		214F3F0D2987179D00DF06AE /* UserDefault */ = {
			isa = PBXGroup;
			children = (
				214F3F0E298717BB00DF06AE /* UserDefaultsHelper.swift */,
			);
			path = UserDefault;
			sourceTree = "<group>";
		};
		214F3F102987249100DF06AE /* Domain */ = {
			isa = PBXGroup;
			children = (
				214F3F112987249A00DF06AE /* UseCases */,
			);
			path = Domain;
			sourceTree = "<group>";
		};
		214F3F112987249A00DF06AE /* UseCases */ = {
			isa = PBXGroup;
			children = (
			);
			path = UseCases;
			sourceTree = "<group>";
		};
		214F3F12298724B900DF06AE /* Presentation */ = {
			isa = PBXGroup;
			children = (
			);
			path = Presentation;
			sourceTree = "<group>";
		};
		214F3F13298724E900DF06AE /* Infrastructure */ = {
			isa = PBXGroup;
			children = (
				214F3F14298724F500DF06AE /* Network */,
			);
			path = Infrastructure;
			sourceTree = "<group>";
		};
		214F3F14298724F500DF06AE /* Network */ = {
			isa = PBXGroup;
			children = (
				214F3F15298724F900DF06AE /* Mocks */,
				214F3F1A2987258900DF06AE /* DataTransferServiceTests.swift */,
				218A2BE9298728F300663333 /* NetworkServiceTests.swift */,
			);
			path = Network;
			sourceTree = "<group>";
		};
		214F3F15298724F900DF06AE /* Mocks */ = {
			isa = PBXGroup;
			children = (
				214F3F162987250A00DF06AE /* NetworkConfigurableMock.swift */,
				214F3F182987253200DF06AE /* NetworkSessionManagerMock.swift */,
			);
			path = Mocks;
			sourceTree = "<group>";
		};
		218A2BE82987288600663333 /* Common */ = {
			isa = PBXGroup;
			children = (
				214F3ED82986C28B00DF06AE /* StringExtensionTests.swift */,
			);
			path = Common;
			sourceTree = "<group>";
		};
		218A2BEB29872BD300663333 /* Localized */ = {
			isa = PBXGroup;
			children = (
				218A2BEC29872BDD00663333 /* Localizable.strings */,
				218A2BEE29872BEF00663333 /* LocalizedStringType.swift */,
				218A2BF029872C0600663333 /* CommonString.swift */,
			);
			path = Localized;
			sourceTree = "<group>";
		};
/* End PBXGroup section */

/* Begin PBXNativeTarget section */
		214F3E4B298434D000DF06AE /* MovieList */ = {
			isa = PBXNativeTarget;
			buildConfigurationList = 214F3E60298434D200DF06AE /* Build configuration list for PBXNativeTarget "MovieList" */;
			buildPhases = (
				214F3E48298434D000DF06AE /* Sources */,
				214F3E49298434D000DF06AE /* Frameworks */,
				214F3E4A298434D000DF06AE /* Resources */,
			);
			buildRules = (
			);
			dependencies = (
			);
			name = MovieList;
			packageProductDependencies = (
				214F3EE02986D14B00DF06AE /* FirebaseAuth */,
			);
			productName = MovieList;
			productReference = 214F3E4C298434D000DF06AE /* MovieList.app */;
			productType = "com.apple.product-type.application";
		};
		214F3ED52986C28B00DF06AE /* MovieListTests */ = {
			isa = PBXNativeTarget;
			buildConfigurationList = 214F3EDC2986C28B00DF06AE /* Build configuration list for PBXNativeTarget "MovieListTests" */;
			buildPhases = (
				214F3ED22986C28B00DF06AE /* Sources */,
				214F3ED32986C28B00DF06AE /* Frameworks */,
				214F3ED42986C28B00DF06AE /* Resources */,
			);
			buildRules = (
			);
			dependencies = (
				214F3EDB2986C28B00DF06AE /* PBXTargetDependency */,
			);
			name = MovieListTests;
			packageProductDependencies = (
				211B2B65298727330055AEA7 /* FirebaseAuth */,
			);
			productName = MovieListTests;
			productReference = 214F3ED62986C28B00DF06AE /* MovieListTests.xctest */;
			productType = "com.apple.product-type.bundle.unit-test";
		};
/* End PBXNativeTarget section */

/* Begin PBXProject section */
		214F3E44298434D000DF06AE /* Project object */ = {
			isa = PBXProject;
			attributes = {
				BuildIndependentTargetsInParallel = 1;
				LastSwiftUpdateCheck = 1400;
				LastUpgradeCheck = 1400;
				TargetAttributes = {
					214F3E4B298434D000DF06AE = {
						CreatedOnToolsVersion = 14.0;
					};
					214F3ED52986C28B00DF06AE = {
						CreatedOnToolsVersion = 14.0;
						TestTargetID = 214F3E4B298434D000DF06AE;
					};
				};
			};
			buildConfigurationList = 214F3E47298434D000DF06AE /* Build configuration list for PBXProject "MovieList" */;
			compatibilityVersion = "Xcode 14.0";
			developmentRegion = en;
			hasScannedForEncodings = 0;
			knownRegions = (
				en,
				Base,
			);
			mainGroup = 214F3E43298434D000DF06AE;
			packageReferences = (
				214F3EDF2986D14B00DF06AE /* XCRemoteSwiftPackageReference "firebase-ios-sdk" */,
			);
			productRefGroup = 214F3E4D298434D000DF06AE /* Products */;
			projectDirPath = "";
			projectRoot = "";
			targets = (
				214F3E4B298434D000DF06AE /* MovieList */,
				214F3ED52986C28B00DF06AE /* MovieListTests */,
			);
		};
/* End PBXProject section */

/* Begin PBXResourcesBuildPhase section */
		214F3E4A298434D000DF06AE /* Resources */ = {
			isa = PBXResourcesBuildPhase;
			buildActionMask = 2147483647;
			files = (
				214F3EC42985F77800DF06AE /* MovieListTableViewCell.xib in Resources */,
				214F3E5C298434D200DF06AE /* LaunchScreen.storyboard in Resources */,
				214F3EF42986DD2300DF06AE /* RegisterViewController.xib in Resources */,
				214F3E59298434D200DF06AE /* Assets.xcassets in Resources */,
				214F3E662984350000DF06AE /* LoginViewController.xib in Resources */,
				218A2BED29872BDD00663333 /* Localizable.strings in Resources */,
				214F3EB92985D9EB00DF06AE /* MovieListViewController.xib in Resources */,
				214F3F072986FA2600DF06AE /* GoogleService-Info.plist in Resources */,
			);
			runOnlyForDeploymentPostprocessing = 0;
		};
		214F3ED42986C28B00DF06AE /* Resources */ = {
			isa = PBXResourcesBuildPhase;
			buildActionMask = 2147483647;
			files = (
			);
			runOnlyForDeploymentPostprocessing = 0;
		};
/* End PBXResourcesBuildPhase section */

/* Begin PBXSourcesBuildPhase section */
		214F3E48298434D000DF06AE /* Sources */ = {
			isa = PBXSourcesBuildPhase;
			buildActionMask = 2147483647;
			files = (
				2153D7502988886300485FCA /* LoadingStatus.swift in Sources */,
				214F3EAD2985C25400DF06AE /* NetworkServiceType.swift in Sources */,
				214F3E8129858FAF00DF06AE /* CancellableType.swift in Sources */,
				214F3F0F298717BB00DF06AE /* UserDefaultsHelper.swift in Sources */,
				214F3F052986F02E00DF06AE /* AccountSceneDIContainer.swift in Sources */,
				214F3E7D29858E5500DF06AE /* Endpoint.swift in Sources */,
				214F3EB82985D9EB00DF06AE /* MovieListViewController.swift in Sources */,
				214F3E7629858C2B00DF06AE /* MoviesRequestDTO.swift in Sources */,
				214F3E8B2985942700DF06AE /* APIEndpoints.swift in Sources */,
				214F3E652984350000DF06AE /* LoginViewController.swift in Sources */,
				214F3EC02985F70F00DF06AE /* MovieListCellViewModel.swift in Sources */,
				214F3E50298434D000DF06AE /* AppDelegate.swift in Sources */,
				2153D74E2988872D00485FCA /* Spinner.swift in Sources */,
				214F3E9F2985BB0E00DF06AE /* MoviesSceneDIContainer.swift in Sources */,
				214F3EB22985CFC100DF06AE /* MoviesSearchFlowCoordinator.swift in Sources */,
				214F3EEC2986D6D500DF06AE /* LoginUseCase.swift in Sources */,
				214F3E982985B9EA00DF06AE /* SearchMoviesUseCase.swift in Sources */,
				214F3EE82986D69F00DF06AE /* RegisterRepositoryType.swift in Sources */,
				214F3ED12986C27000DF06AE /* String+.swift in Sources */,
				214F3EF32986DD2300DF06AE /* RegisterViewController.swift in Sources */,
				214F3E942985B90700DF06AE /* MoviesRepository.swift in Sources */,
				214F3EAB2985C23300DF06AE /* DataTransferServiceType.swift in Sources */,
				214F3EFF2986DD9300DF06AE /* RegisterViewModel.swift in Sources */,
				214F3E722985503100DF06AE /* MoviesResponseDTO.swift in Sources */,
				214F3EF02986DA4200DF06AE /* FirebaseRegisterRepository.swift in Sources */,
				218A2BEF29872BEF00663333 /* LocalizedStringType.swift in Sources */,
				214F3EFD2986DD8500DF06AE /* LoginViewModel.swift in Sources */,
				214F3F09298704C100DF06AE /* Alertable.swift in Sources */,
				214F3E7B29858E3F00DF06AE /* NetworkService.swift in Sources */,
				214F3ECB2985FC2700DF06AE /* Contents.swift in Sources */,
				214F3E922985B83900DF06AE /* Movie.swift in Sources */,
				214F3EA72985C11F00DF06AE /* ImageCache.swift in Sources */,
				214F3EBB2985DAF500DF06AE /* MovieListViewModel.swift in Sources */,
				214F3E9D2985BAF800DF06AE /* AppDIContainer.swift in Sources */,
				214F3EC92985FBEE00DF06AE /* UIImageView+.swift in Sources */,
				214F3F012986DF7B00DF06AE /* LoginRepositoryType.swift in Sources */,
				218A2BF129872C0600663333 /* CommonString.swift in Sources */,
				214F3EEE2986DA3600DF06AE /* FirebaseLoginRepository.swift in Sources */,
				214F3EA92985C21400DF06AE /* ResponseRequestableType.swift in Sources */,
				214F3E89298593FD00DF06AE /* RepositoryTask.swift in Sources */,
				214F3EC72985F85F00DF06AE /* ImageRepository.swift in Sources */,
				214F3E7F29858E6800DF06AE /* NetworkConfig.swift in Sources */,
				214F3E8329858FBD00DF06AE /* ConnectionErrorType.swift in Sources */,
				214F3F032986E7F200DF06AE /* AccountSceneFlowCoordinator.swift in Sources */,
				214F3E962985B96200DF06AE /* MoviesRepositoryType.swift in Sources */,
				214F3EBE2985DD6F00DF06AE /* Observable.swift in Sources */,
				214F3EEA2986D6C200DF06AE /* RegisterUseCase.swift in Sources */,
				214F3E7929858E1E00DF06AE /* DataTransferService.swift in Sources */,
				2179192F2988609200D96313 /* BiometricHelper.swift in Sources */,
				214F3F0B29870FFA00DF06AE /* KeychainHelper.swift in Sources */,
				214F3EA32985BB2A00DF06AE /* AppConfigurations.swift in Sources */,
				214F3EC32985F77800DF06AE /* MovieListTableViewCell.swift in Sources */,
				214F3EA12985BB1800DF06AE /* AppFlowCoordinator.swift in Sources */,
				214F3ECD2985FE2900DF06AE /* UITableViewCell+.swift in Sources */,
			);
			runOnlyForDeploymentPostprocessing = 0;
		};
		214F3ED22986C28B00DF06AE /* Sources */ = {
			isa = PBXSourcesBuildPhase;
			buildActionMask = 2147483647;
			files = (
				218A2BEA298728F300663333 /* NetworkServiceTests.swift in Sources */,
				214F3F1B2987258900DF06AE /* DataTransferServiceTests.swift in Sources */,
				214F3ED92986C28B00DF06AE /* StringExtensionTests.swift in Sources */,
				214F3F172987250A00DF06AE /* NetworkConfigurableMock.swift in Sources */,
				214F3F192987253200DF06AE /* NetworkSessionManagerMock.swift in Sources */,
			);
			runOnlyForDeploymentPostprocessing = 0;
		};
/* End PBXSourcesBuildPhase section */

/* Begin PBXTargetDependency section */
		214F3EDB2986C28B00DF06AE /* PBXTargetDependency */ = {
			isa = PBXTargetDependency;
			target = 214F3E4B298434D000DF06AE /* MovieList */;
			targetProxy = 214F3EDA2986C28B00DF06AE /* PBXContainerItemProxy */;
		};
/* End PBXTargetDependency section */

/* Begin PBXVariantGroup section */
		214F3E5A298434D200DF06AE /* LaunchScreen.storyboard */ = {
			isa = PBXVariantGroup;
			children = (
				214F3E5B298434D200DF06AE /* Base */,
			);
			name = LaunchScreen.storyboard;
			sourceTree = "<group>";
		};
/* End PBXVariantGroup section */

/* Begin XCBuildConfiguration section */
		214F3E5E298434D200DF06AE /* Debug */ = {
			isa = XCBuildConfiguration;
			buildSettings = {
				ALWAYS_SEARCH_USER_PATHS = NO;
				CLANG_ANALYZER_NONNULL = YES;
				CLANG_ANALYZER_NUMBER_OBJECT_CONVERSION = YES_AGGRESSIVE;
				CLANG_CXX_LANGUAGE_STANDARD = "gnu++20";
				CLANG_ENABLE_MODULES = YES;
				CLANG_ENABLE_OBJC_ARC = YES;
				CLANG_ENABLE_OBJC_WEAK = YES;
				CLANG_WARN_BLOCK_CAPTURE_AUTORELEASING = YES;
				CLANG_WARN_BOOL_CONVERSION = YES;
				CLANG_WARN_COMMA = YES;
				CLANG_WARN_CONSTANT_CONVERSION = YES;
				CLANG_WARN_DEPRECATED_OBJC_IMPLEMENTATIONS = YES;
				CLANG_WARN_DIRECT_OBJC_ISA_USAGE = YES_ERROR;
				CLANG_WARN_DOCUMENTATION_COMMENTS = YES;
				CLANG_WARN_EMPTY_BODY = YES;
				CLANG_WARN_ENUM_CONVERSION = YES;
				CLANG_WARN_INFINITE_RECURSION = YES;
				CLANG_WARN_INT_CONVERSION = YES;
				CLANG_WARN_NON_LITERAL_NULL_CONVERSION = YES;
				CLANG_WARN_OBJC_IMPLICIT_RETAIN_SELF = YES;
				CLANG_WARN_OBJC_LITERAL_CONVERSION = YES;
				CLANG_WARN_OBJC_ROOT_CLASS = YES_ERROR;
				CLANG_WARN_QUOTED_INCLUDE_IN_FRAMEWORK_HEADER = YES;
				CLANG_WARN_RANGE_LOOP_ANALYSIS = YES;
				CLANG_WARN_STRICT_PROTOTYPES = YES;
				CLANG_WARN_SUSPICIOUS_MOVE = YES;
				CLANG_WARN_UNGUARDED_AVAILABILITY = YES_AGGRESSIVE;
				CLANG_WARN_UNREACHABLE_CODE = YES;
				CLANG_WARN__DUPLICATE_METHOD_MATCH = YES;
				COPY_PHASE_STRIP = NO;
				DEBUG_INFORMATION_FORMAT = dwarf;
				ENABLE_STRICT_OBJC_MSGSEND = YES;
				ENABLE_TESTABILITY = YES;
				GCC_C_LANGUAGE_STANDARD = gnu11;
				GCC_DYNAMIC_NO_PIC = NO;
				GCC_NO_COMMON_BLOCKS = YES;
				GCC_OPTIMIZATION_LEVEL = 0;
				GCC_PREPROCESSOR_DEFINITIONS = (
					"DEBUG=1",
					"$(inherited)",
				);
				GCC_WARN_64_TO_32_BIT_CONVERSION = YES;
				GCC_WARN_ABOUT_RETURN_TYPE = YES_ERROR;
				GCC_WARN_UNDECLARED_SELECTOR = YES;
				GCC_WARN_UNINITIALIZED_AUTOS = YES_AGGRESSIVE;
				GCC_WARN_UNUSED_FUNCTION = YES;
				GCC_WARN_UNUSED_VARIABLE = YES;
				IPHONEOS_DEPLOYMENT_TARGET = 12.2;
				MTL_ENABLE_DEBUG_INFO = INCLUDE_SOURCE;
				MTL_FAST_MATH = YES;
				ONLY_ACTIVE_ARCH = YES;
				SDKROOT = iphoneos;
				SWIFT_ACTIVE_COMPILATION_CONDITIONS = DEBUG;
				SWIFT_OPTIMIZATION_LEVEL = "-Onone";
			};
			name = Debug;
		};
		214F3E5F298434D200DF06AE /* Release */ = {
			isa = XCBuildConfiguration;
			buildSettings = {
				ALWAYS_SEARCH_USER_PATHS = NO;
				CLANG_ANALYZER_NONNULL = YES;
				CLANG_ANALYZER_NUMBER_OBJECT_CONVERSION = YES_AGGRESSIVE;
				CLANG_CXX_LANGUAGE_STANDARD = "gnu++20";
				CLANG_ENABLE_MODULES = YES;
				CLANG_ENABLE_OBJC_ARC = YES;
				CLANG_ENABLE_OBJC_WEAK = YES;
				CLANG_WARN_BLOCK_CAPTURE_AUTORELEASING = YES;
				CLANG_WARN_BOOL_CONVERSION = YES;
				CLANG_WARN_COMMA = YES;
				CLANG_WARN_CONSTANT_CONVERSION = YES;
				CLANG_WARN_DEPRECATED_OBJC_IMPLEMENTATIONS = YES;
				CLANG_WARN_DIRECT_OBJC_ISA_USAGE = YES_ERROR;
				CLANG_WARN_DOCUMENTATION_COMMENTS = YES;
				CLANG_WARN_EMPTY_BODY = YES;
				CLANG_WARN_ENUM_CONVERSION = YES;
				CLANG_WARN_INFINITE_RECURSION = YES;
				CLANG_WARN_INT_CONVERSION = YES;
				CLANG_WARN_NON_LITERAL_NULL_CONVERSION = YES;
				CLANG_WARN_OBJC_IMPLICIT_RETAIN_SELF = YES;
				CLANG_WARN_OBJC_LITERAL_CONVERSION = YES;
				CLANG_WARN_OBJC_ROOT_CLASS = YES_ERROR;
				CLANG_WARN_QUOTED_INCLUDE_IN_FRAMEWORK_HEADER = YES;
				CLANG_WARN_RANGE_LOOP_ANALYSIS = YES;
				CLANG_WARN_STRICT_PROTOTYPES = YES;
				CLANG_WARN_SUSPICIOUS_MOVE = YES;
				CLANG_WARN_UNGUARDED_AVAILABILITY = YES_AGGRESSIVE;
				CLANG_WARN_UNREACHABLE_CODE = YES;
				CLANG_WARN__DUPLICATE_METHOD_MATCH = YES;
				COPY_PHASE_STRIP = NO;
				DEBUG_INFORMATION_FORMAT = "dwarf-with-dsym";
				ENABLE_NS_ASSERTIONS = NO;
				ENABLE_STRICT_OBJC_MSGSEND = YES;
				GCC_C_LANGUAGE_STANDARD = gnu11;
				GCC_NO_COMMON_BLOCKS = YES;
				GCC_WARN_64_TO_32_BIT_CONVERSION = YES;
				GCC_WARN_ABOUT_RETURN_TYPE = YES_ERROR;
				GCC_WARN_UNDECLARED_SELECTOR = YES;
				GCC_WARN_UNINITIALIZED_AUTOS = YES_AGGRESSIVE;
				GCC_WARN_UNUSED_FUNCTION = YES;
				GCC_WARN_UNUSED_VARIABLE = YES;
				IPHONEOS_DEPLOYMENT_TARGET = 12.2;
				MTL_ENABLE_DEBUG_INFO = NO;
				MTL_FAST_MATH = YES;
				SDKROOT = iphoneos;
				SWIFT_COMPILATION_MODE = wholemodule;
				SWIFT_OPTIMIZATION_LEVEL = "-O";
				VALIDATE_PRODUCT = YES;
			};
			name = Release;
		};
		214F3E61298434D200DF06AE /* Debug */ = {
			isa = XCBuildConfiguration;
			buildSettings = {
				ASSETCATALOG_COMPILER_APPICON_NAME = AppIcon;
				ASSETCATALOG_COMPILER_GLOBAL_ACCENT_COLOR_NAME = AccentColor;
				CODE_SIGN_STYLE = Automatic;
				CURRENT_PROJECT_VERSION = 1;
				DEVELOPMENT_TEAM = 7QN4P34VRJ;
				GENERATE_INFOPLIST_FILE = YES;
				INFOPLIST_FILE = MovieList/Info.plist;
				INFOPLIST_KEY_UIApplicationSupportsIndirectInputEvents = YES;
				INFOPLIST_KEY_UILaunchStoryboardName = LaunchScreen;
				INFOPLIST_KEY_UISupportedInterfaceOrientations_iPad = "UIInterfaceOrientationPortrait UIInterfaceOrientationPortraitUpsideDown UIInterfaceOrientationLandscapeLeft UIInterfaceOrientationLandscapeRight";
				INFOPLIST_KEY_UISupportedInterfaceOrientations_iPhone = "UIInterfaceOrientationPortrait UIInterfaceOrientationLandscapeLeft UIInterfaceOrientationLandscapeRight";
				IPHONEOS_DEPLOYMENT_TARGET = 12.2;
				LD_RUNPATH_SEARCH_PATHS = (
					"$(inherited)",
					"@executable_path/Frameworks",
				);
				MARKETING_VERSION = 1.0;
				PRODUCT_BUNDLE_IDENTIFIER = owenkao.MovieList;
				PRODUCT_NAME = "$(TARGET_NAME)";
				SWIFT_EMIT_LOC_STRINGS = YES;
				SWIFT_VERSION = 5.0;
				TARGETED_DEVICE_FAMILY = "1,2";
			};
			name = Debug;
		};
		214F3E62298434D200DF06AE /* Release */ = {
			isa = XCBuildConfiguration;
			buildSettings = {
				ASSETCATALOG_COMPILER_APPICON_NAME = AppIcon;
				ASSETCATALOG_COMPILER_GLOBAL_ACCENT_COLOR_NAME = AccentColor;
				CODE_SIGN_STYLE = Automatic;
				CURRENT_PROJECT_VERSION = 1;
				DEVELOPMENT_TEAM = 7QN4P34VRJ;
				GENERATE_INFOPLIST_FILE = YES;
				INFOPLIST_FILE = MovieList/Info.plist;
				INFOPLIST_KEY_UIApplicationSupportsIndirectInputEvents = YES;
				INFOPLIST_KEY_UILaunchStoryboardName = LaunchScreen;
				INFOPLIST_KEY_UISupportedInterfaceOrientations_iPad = "UIInterfaceOrientationPortrait UIInterfaceOrientationPortraitUpsideDown UIInterfaceOrientationLandscapeLeft UIInterfaceOrientationLandscapeRight";
				INFOPLIST_KEY_UISupportedInterfaceOrientations_iPhone = "UIInterfaceOrientationPortrait UIInterfaceOrientationLandscapeLeft UIInterfaceOrientationLandscapeRight";
				IPHONEOS_DEPLOYMENT_TARGET = 12.2;
				LD_RUNPATH_SEARCH_PATHS = (
					"$(inherited)",
					"@executable_path/Frameworks",
				);
				MARKETING_VERSION = 1.0;
				PRODUCT_BUNDLE_IDENTIFIER = owenkao.MovieList;
				PRODUCT_NAME = "$(TARGET_NAME)";
				SWIFT_EMIT_LOC_STRINGS = YES;
				SWIFT_VERSION = 5.0;
				TARGETED_DEVICE_FAMILY = "1,2";
			};
			name = Release;
		};
		214F3EDD2986C28B00DF06AE /* Debug */ = {
			isa = XCBuildConfiguration;
			buildSettings = {
				BUNDLE_LOADER = "$(TEST_HOST)";
				CODE_SIGN_STYLE = Automatic;
				CURRENT_PROJECT_VERSION = 1;
				DEVELOPMENT_TEAM = 7QN4P34VRJ;
				GENERATE_INFOPLIST_FILE = YES;
				IPHONEOS_DEPLOYMENT_TARGET = 16.0;
				MACOSX_DEPLOYMENT_TARGET = 12.3;
				MARKETING_VERSION = 1.0;
				PRODUCT_BUNDLE_IDENTIFIER = owenkao.MovieListTests;
				PRODUCT_NAME = "$(TARGET_NAME)";
				SDKROOT = auto;
				SUPPORTED_PLATFORMS = "iphoneos iphonesimulator macosx";
				SWIFT_EMIT_LOC_STRINGS = NO;
				SWIFT_VERSION = 5.0;
				TARGETED_DEVICE_FAMILY = "1,2";
				TEST_HOST = "$(BUILT_PRODUCTS_DIR)/MovieList.app/$(BUNDLE_EXECUTABLE_FOLDER_PATH)/MovieList";
			};
			name = Debug;
		};
		214F3EDE2986C28B00DF06AE /* Release */ = {
			isa = XCBuildConfiguration;
			buildSettings = {
				BUNDLE_LOADER = "$(TEST_HOST)";
				CODE_SIGN_STYLE = Automatic;
				CURRENT_PROJECT_VERSION = 1;
				DEVELOPMENT_TEAM = 7QN4P34VRJ;
				GENERATE_INFOPLIST_FILE = YES;
				IPHONEOS_DEPLOYMENT_TARGET = 16.0;
				MACOSX_DEPLOYMENT_TARGET = 12.3;
				MARKETING_VERSION = 1.0;
				PRODUCT_BUNDLE_IDENTIFIER = owenkao.MovieListTests;
				PRODUCT_NAME = "$(TARGET_NAME)";
				SDKROOT = auto;
				SUPPORTED_PLATFORMS = "iphoneos iphonesimulator macosx";
				SWIFT_EMIT_LOC_STRINGS = NO;
				SWIFT_VERSION = 5.0;
				TARGETED_DEVICE_FAMILY = "1,2";
				TEST_HOST = "$(BUILT_PRODUCTS_DIR)/MovieList.app/$(BUNDLE_EXECUTABLE_FOLDER_PATH)/MovieList";
			};
			name = Release;
		};
/* End XCBuildConfiguration section */

/* Begin XCConfigurationList section */
		214F3E47298434D000DF06AE /* Build configuration list for PBXProject "MovieList" */ = {
			isa = XCConfigurationList;
			buildConfigurations = (
				214F3E5E298434D200DF06AE /* Debug */,
				214F3E5F298434D200DF06AE /* Release */,
			);
			defaultConfigurationIsVisible = 0;
			defaultConfigurationName = Release;
		};
		214F3E60298434D200DF06AE /* Build configuration list for PBXNativeTarget "MovieList" */ = {
			isa = XCConfigurationList;
			buildConfigurations = (
				214F3E61298434D200DF06AE /* Debug */,
				214F3E62298434D200DF06AE /* Release */,
			);
			defaultConfigurationIsVisible = 0;
			defaultConfigurationName = Release;
		};
		214F3EDC2986C28B00DF06AE /* Build configuration list for PBXNativeTarget "MovieListTests" */ = {
			isa = XCConfigurationList;
			buildConfigurations = (
				214F3EDD2986C28B00DF06AE /* Debug */,
				214F3EDE2986C28B00DF06AE /* Release */,
			);
			defaultConfigurationIsVisible = 0;
			defaultConfigurationName = Release;
		};
/* End XCConfigurationList section */

/* Begin XCRemoteSwiftPackageReference section */
		214F3EDF2986D14B00DF06AE /* XCRemoteSwiftPackageReference "firebase-ios-sdk" */ = {
			isa = XCRemoteSwiftPackageReference;
			repositoryURL = "https://github.com/firebase/firebase-ios-sdk";
			requirement = {
				kind = upToNextMajorVersion;
				minimumVersion = 9.0.0;
			};
		};
/* End XCRemoteSwiftPackageReference section */

/* Begin XCSwiftPackageProductDependency section */
		211B2B65298727330055AEA7 /* FirebaseAuth */ = {
			isa = XCSwiftPackageProductDependency;
			package = 214F3EDF2986D14B00DF06AE /* XCRemoteSwiftPackageReference "firebase-ios-sdk" */;
			productName = FirebaseAuth;
		};
		214F3EE02986D14B00DF06AE /* FirebaseAuth */ = {
			isa = XCSwiftPackageProductDependency;
			package = 214F3EDF2986D14B00DF06AE /* XCRemoteSwiftPackageReference "firebase-ios-sdk" */;
			productName = FirebaseAuth;
		};
/* End XCSwiftPackageProductDependency section */
	};
	rootObject = 214F3E44298434D000DF06AE /* Project object */;
}
